
Microsoft Visual Studio Solution File, Format Version 12.00
# Visual Studio 15
VisualStudioVersion = 15.0.28307.106
MinimumVisualStudioVersion = 10.0.40219.1
Project("{FAE04EC0-301F-11D3-BF4B-00C04F79EFBC}") = "CSbase", "CSbase\CSbase.csproj", "{20FBAB77-8DDF-481F-B321-39FBB1AB3D3A}"
EndProject
Project("{2150E333-8FDC-42A3-9474-1A3956D46DE8}") = "Solution Items", "Solution Items", "{D5228697-E790-4670-8A8D-E9FD492ED37F}"
	ProjectSection(SolutionItems) = preProject
		README.md = README.md
	EndProjectSection
EndProject
Global
	GlobalSection(SolutionConfigurationPlatforms) = preSolution
		Debug|Any CPU = Debug|Any CPU
		Release|Any CPU = Release|Any CPU
	EndGlobalSection
	GlobalSection(ProjectConfigurationPlatforms) = postSolution
		{20FBAB77-8DDF-481F-B321-39FBB1AB3D3A}.Debug|Any CPU.ActiveCfg = Debug|Any CPU
		{20FBAB77-8DDF-481F-B321-39FBB1AB3D3A}.Debug|Any CPU.Build.0 = Debug|Any CPU
		{20FBAB77-8DDF-481F-B321-39FBB1AB3D3A}.Release|Any CPU.ActiveCfg = Release|Any CPU
		{20FBAB77-8DDF-481F-B321-39FBB1AB3D3A}.Release|Any CPU.Build.0 = Release|Any CPU
	EndGlobalSection
	GlobalSection(SolutionProperties) = preSolution
		HideSolutionNode = FALSE
	EndGlobalSection
	GlobalSection(ExtensibilityGlobals) = postSolution
		SolutionGuid = {67FDF686-61A4-4796-B5D1-1E53F175015B}
	EndGlobalSection
EndGlobal
